// !$*UTF8*$!
{
	archiveVersion = 1;
	classes = {
	};
	objectVersion = 46;
	objects = {

/* Begin PBXBuildFile section */
		020E152D1F2ED3BD0035B478 /* PlaySoundsViewController.swift in Sources */ = {isa = PBXBuildFile; fileRef = 020E152C1F2ED3BD0035B478 /* PlaySoundsViewController.swift */; };
		020E152F1F2F02FF0035B478 /* PlaySoundsViewController+Audio.swift in Sources */ = {isa = PBXBuildFile; fileRef = 020E152E1F2F02FF0035B478 /* PlaySoundsViewController+Audio.swift */; };
		0221D3361F25B79B00C1A49F /* AppDelegate.swift in Sources */ = {isa = PBXBuildFile; fileRef = 0221D3351F25B79B00C1A49F /* AppDelegate.swift */; };
		0221D3381F25B79B00C1A49F /* RecordSoundsViewController.swift in Sources */ = {isa = PBXBuildFile; fileRef = 0221D3371F25B79B00C1A49F /* RecordSoundsViewController.swift */; };
		0221D33B1F25B79B00C1A49F /* Main.storyboard in Resources */ = {isa = PBXBuildFile; fileRef = 0221D3391F25B79B00C1A49F /* Main.storyboard */; };
		0221D33D1F25B79B00C1A49F /* Assets.xcassets in Resources */ = {isa = PBXBuildFile; fileRef = 0221D33C1F25B79B00C1A49F /* Assets.xcassets */; };
		0221D3401F25B79B00C1A49F /* LaunchScreen.storyboard in Resources */ = {isa = PBXBuildFile; fileRef = 0221D33E1F25B79B00C1A49F /* LaunchScreen.storyboard */; };
/* End PBXBuildFile section */

/* Begin PBXFileReference section */
		020E152C1F2ED3BD0035B478 /* PlaySoundsViewController.swift */ = {isa = PBXFileReference; fileEncoding = 4; lastKnownFileType = sourcecode.swift; path = PlaySoundsViewController.swift; sourceTree = "<group>"; };
		020E152E1F2F02FF0035B478 /* PlaySoundsViewController+Audio.swift */ = {isa = PBXFileReference; fileEncoding = 4; lastKnownFileType = sourcecode.swift; path = "PlaySoundsViewController+Audio.swift"; sourceTree = "<group>"; };
		0221D3321F25B79B00C1A49F /* PitchPerfect.app */ = {isa = PBXFileReference; explicitFileType = wrapper.application; includeInIndex = 0; path = PitchPerfect.app; sourceTree = BUILT_PRODUCTS_DIR; };
		0221D3351F25B79B00C1A49F /* AppDelegate.swift */ = {isa = PBXFileReference; lastKnownFileType = sourcecode.swift; path = AppDelegate.swift; sourceTree = "<group>"; };
		0221D3371F25B79B00C1A49F /* RecordSoundsViewController.swift */ = {isa = PBXFileReference; lastKnownFileType = sourcecode.swift; path = RecordSoundsViewController.swift; sourceTree = "<group>"; };
		0221D33A1F25B79B00C1A49F /* Base */ = {isa = PBXFileReference; lastKnownFileType = file.storyboard; name = Base; path = Base.lproj/Main.storyboard; sourceTree = "<group>"; };
		0221D33C1F25B79B00C1A49F /* Assets.xcassets */ = {isa = PBXFileReference; lastKnownFileType = folder.assetcatalog; path = Assets.xcassets; sourceTree = "<group>"; };
		0221D33F1F25B79B00C1A49F /* Base */ = {isa = PBXFileReference; lastKnownFileType = file.storyboard; name = Base; path = Base.lproj/LaunchScreen.storyboard; sourceTree = "<group>"; };
		0221D3411F25B79B00C1A49F /* Info.plist */ = {isa = PBXFileReference; lastKnownFileType = text.plist.xml; path = Info.plist; sourceTree = "<group>"; };
/* End PBXFileReference section */

/* Begin PBXFrameworksBuildPhase section */
		0221D32F1F25B79B00C1A49F /* Frameworks */ = {
			isa = PBXFrameworksBuildPhase;
			buildActionMask = 2147483647;
			files = (
			);
			runOnlyForDeploymentPostprocessing = 0;
		};
/* End PBXFrameworksBuildPhase section */

/* Begin PBXGroup section */
		0221D3291F25B79B00C1A49F = {
			isa = PBXGroup;
			children = (
				0221D3341F25B79B00C1A49F /* PitchPerfect */,
				0221D3331F25B79B00C1A49F /* Products */,
			);
			sourceTree = "<group>";
		};
		0221D3331F25B79B00C1A49F /* Products */ = {
			isa = PBXGroup;
			children = (
				0221D3321F25B79B00C1A49F /* PitchPerfect.app */,
			);
			name = Products;
			sourceTree = "<group>";
		};
		0221D3341F25B79B00C1A49F /* PitchPerfect */ = {
			isa = PBXGroup;
			children = (
				0221D3351F25B79B00C1A49F /* AppDelegate.swift */,
				0221D3371F25B79B00C1A49F /* RecordSoundsViewController.swift */,
				0221D3391F25B79B00C1A49F /* Main.storyboard */,
				0221D33C1F25B79B00C1A49F /* Assets.xcassets */,
				0221D33E1F25B79B00C1A49F /* LaunchScreen.storyboard */,
				0221D3411F25B79B00C1A49F /* Info.plist */,
				020E152C1F2ED3BD0035B478 /* PlaySoundsViewController.swift */,
				020E152E1F2F02FF0035B478 /* PlaySoundsViewController+Audio.swift */,
			);
			path = PitchPerfect;
			sourceTree = "<group>";
		};
/* End PBXGroup section */

/* Begin PBXNativeTarget section */
		0221D3311F25B79B00C1A49F /* PitchPerfect */ = {
			isa = PBXNativeTarget;
			buildConfigurationList = 0221D3441F25B79B00C1A49F /* Build configuration list for PBXNativeTarget "PitchPerfect" */;
			buildPhases = (
				0221D32E1F25B79B00C1A49F /* Sources */,
				0221D32F1F25B79B00C1A49F /* Frameworks */,
				0221D3301F25B79B00C1A49F /* Resources */,
			);
			buildRules = (
			);
			dependencies = (
			);
			name = PitchPerfect;
			productName = PitchPerfect;
			productReference = 0221D3321F25B79B00C1A49F /* PitchPerfect.app */;
			productType = "com.apple.product-type.application";
		};
/* End PBXNativeTarget section */

/* Begin PBXProject section */
		0221D32A1F25B79B00C1A49F /* Project object */ = {
			isa = PBXProject;
			attributes = {
				LastSwiftUpdateCheck = 0830;
				LastUpgradeCheck = 0830;
				ORGANIZATIONNAME = "Jean Ro";
				TargetAttributes = {
					0221D3311F25B79B00C1A49F = {
						CreatedOnToolsVersion = 8.3.3;
						DevelopmentTeam = ZL2KGM8GY7;
						ProvisioningStyle = Automatic;
					};
				};
			};
			buildConfigurationList = 0221D32D1F25B79B00C1A49F /* Build configuration list for PBXProject "PitchPerfect" */;
			compatibilityVersion = "Xcode 3.2";
			developmentRegion = English;
			hasScannedForEncodings = 0;
			knownRegions = (
				en,
				Base,
			);
			mainGroup = 0221D3291F25B79B00C1A49F;
			productRefGroup = 0221D3331F25B79B00C1A49F /* Products */;
			projectDirPath = "";
			projectRoot = "";
			targets = (
				0221D3311F25B79B00C1A49F /* PitchPerfect */,
			);
		};
/* End PBXProject section */

/* Begin PBXResourcesBuildPhase section */
		0221D3301F25B79B00C1A49F /* Resources */ = {
			isa = PBXResourcesBuildPhase;
			buildActionMask = 2147483647;
			files = (
				0221D3401F25B79B00C1A49F /* LaunchScreen.storyboard in Resources */,
				0221D33D1F25B79B00C1A49F /* Assets.xcassets in Resources */,
				0221D33B1F25B79B00C1A49F /* Main.storyboard in Resources */,
			);
			runOnlyForDeploymentPostprocessing = 0;
		};
/* End PBXResourcesBuildPhase section */

/* Begin PBXSourcesBuildPhase section */
		0221D32E1F25B79B00C1A49F /* Sources */ = {
			isa = PBXSourcesBuildPhase;
			buildActionMask = 2147483647;
			files = (
				0221D3381F25B79B00C1A49F /* RecordSoundsViewController.swift in Sources */,
				020E152F1F2F02FF0035B478 /* PlaySoundsViewController+Audio.swift in Sources */,
				020E152D1F2ED3BD0035B478 /* PlaySoundsViewController.swift in Sources */,
				0221D3361F25B79B00C1A49F /* AppDelegate.swift in Sources */,
			);
			runOnlyForDeploymentPostprocessing = 0;
		};
/* End PBXSourcesBuildPhase section */

/* Begin PBXVariantGroup section */
		0221D3391F25B79B00C1A49F /* Main.storyboard */ = {
			isa = PBXVariantGroup;
			children = (
				0221D33A1F25B79B00C1A49F /* Base */,
			);
			name = Main.storyboard;
			sourceTree = "<group>";
		};
		0221D33E1F25B79B00C1A49F /* LaunchScreen.storyboard */ = {
			isa = PBXVariantGroup;
			children = (
				0221D33F1F25B79B00C1A49F /* Base */,
			);
			name = LaunchScreen.storyboard;
			sourceTree = "<group>";
		};
/* End PBXVariantGroup section */

/* Begin XCBuildConfiguration section */
		0221D3421F25B79B00C1A49F /* Debug */ = {
			isa = XCBuildConfiguration;
			buildSettings = {
				ALWAYS_SEARCH_USER_PATHS = NO;
				CLANG_ANALYZER_NONNULL = YES;
				CLANG_ANALYZER_NUMBER_OBJECT_CONVERSION = YES_AGGRESSIVE;
				CLANG_CXX_LANGUAGE_STANDARD = "gnu++0x";
				CLANG_CXX_LIBRARY = "libc++";
				CLANG_ENABLE_MODULES = YES;
				CLANG_ENABLE_OBJC_ARC = YES;
				CLANG_WARN_BOOL_CONVERSION = YES;
				CLANG_WARN_CONSTANT_CONVERSION = YES;
				CLANG_WARN_DIRECT_OBJC_ISA_USAGE = YES_ERROR;
				CLANG_WARN_DOCUMENTATION_COMMENTS = YES;
				CLANG_WARN_EMPTY_BODY = YES;
				CLANG_WARN_ENUM_CONVERSION = YES;
				CLANG_WARN_INFINITE_RECURSION = YES;
				CLANG_WARN_INT_CONVERSION = YES;
				CLANG_WARN_OBJC_ROOT_CLASS = YES_ERROR;
				CLANG_WARN_SUSPICIOUS_MOVE = YES;
				CLANG_WARN_UNREACHABLE_CODE = YES;
				CLANG_WARN__DUPLICATE_METHOD_MATCH = YES;
				"CODE_SIGN_IDENTITY[sdk=iphoneos*]" = "iPhone Developer";
				COPY_PHASE_STRIP = NO;
				DEBUG_INFORMATION_FORMAT = dwarf;
				ENABLE_STRICT_OBJC_MSGSEND = YES;
				ENABLE_TESTABILITY = YES;
				GCC_C_LANGUAGE_STANDARD = gnu99;
				GCC_DYNAMIC_NO_PIC = NO;
				GCC_NO_COMMON_BLOCKS = YES;
				GCC_OPTIMIZATION_LEVEL = 0;
				GCC_PREPROCESSOR_DEFINITIONS = (
					"DEBUG=1",
					"$(inherited)",
				);
				GCC_WARN_64_TO_32_BIT_CONVERSION = YES;
				GCC_WARN_ABOUT_RETURN_TYPE = YES_ERROR;
				GCC_WARN_UNDECLARED_SELECTOR = YES;
				GCC_WARN_UNINITIALIZED_AUTOS = YES_AGGRESSIVE;
				GCC_WARN_UNUSED_FUNCTION = YES;
				GCC_WARN_UNUSED_VARIABLE = YES;
				IPHONEOS_DEPLOYMENT_TARGET = 10.3;
				MTL_ENABLE_DEBUG_INFO = YES;
				ONLY_ACTIVE_ARCH = YES;
				SDKROOT = iphoneos;
				SWIFT_ACTIVE_COMPILATION_CONDITIONS = DEBUG;
				SWIFT_OPTIMIZATION_LEVEL = "-Onone";
				TARGETED_DEVICE_FAMILY = "1,2";
			};
			name = Debug;
		};
		0221D3431F25B79B00C1A49F /* Release */ = {
			isa = XCBuildConfiguration;
			buildSettings = {
				ALWAYS_SEARCH_USER_PATHS = NO;
				CLANG_ANALYZER_NONNULL = YES;
				CLANG_ANALYZER_NUMBER_OBJECT_CONVERSION = YES_AGGRESSIVE;
				CLANG_CXX_LANGUAGE_STANDARD = "gnu++0x";
				CLANG_CXX_LIBRARY = "libc++";
				CLANG_ENABLE_MODULES = YES;
				CLANG_ENABLE_OBJC_ARC = YES;
				CLANG_WARN_BOOL_CONVERSION = YES;
				CLANG_WARN_CONSTANT_CONVERSION = YES;
				CLANG_WARN_DIRECT_OBJC_ISA_USAGE = YES_ERROR;
				CLANG_WARN_DOCUMENTATION_COMMENTS = YES;
				CLANG_WARN_EMPTY_BODY = YES;
				CLANG_WARN_ENUM_CONVERSION = YES;
				CLANG_WARN_INFINITE_RECURSION = YES;
				CLANG_WARN_INT_CONVERSION = YES;
				CLANG_WARN_OBJC_ROOT_CLASS = YES_ERROR;
				CLANG_WARN_SUSPICIOUS_MOVE = YES;
				CLANG_WARN_UNREACHABLE_CODE = YES;
				CLANG_WARN__DUPLICATE_METHOD_MATCH = YES;
				"CODE_SIGN_IDENTITY[sdk=iphoneos*]" = "iPhone Developer";
				COPY_PHASE_STRIP = NO;
				DEBUG_INFORMATION_FORMAT = "dwarf-with-dsym";
				ENABLE_NS_ASSERTIONS = NO;
				ENABLE_STRICT_OBJC_MSGSEND = YES;
				GCC_C_LANGUAGE_STANDARD = gnu99;
				GCC_NO_COMMON_BLOCKS = YES;
				GCC_WARN_64_TO_32_BIT_CONVERSION = YES;
				GCC_WARN_ABOUT_RETURN_TYPE = YES_ERROR;
				GCC_WARN_UNDECLARED_SELECTOR = YES;
				GCC_WARN_UNINITIALIZED_AUTOS = YES_AGGRESSIVE;
				GCC_WARN_UNUSED_FUNCTION = YES;
				GCC_WARN_UNUSED_VARIABLE = YES;
				IPHONEOS_DEPLOYMENT_TARGET = 10.3;
				MTL_ENABLE_DEBUG_INFO = NO;
				SDKROOT = iphoneos;
				SWIFT_OPTIMIZATION_LEVEL = "-Owholemodule";
				TARGETED_DEVICE_FAMILY = "1,2";
				VALIDATE_PRODUCT = YES;
			};
			name = Release;
		};
		0221D3451F25B79B00C1A49F /* Debug */ = {
			isa = XCBuildConfiguration;
			buildSettings = {
				ASSETCATALOG_COMPILER_APPICON_NAME = AppIcon;
				DEVELOPMENT_TEAM = ZL2KGM8GY7;
				INFOPLIST_FILE = PitchPerfect/Info.plist;
				LD_RUNPATH_SEARCH_PATHS = "$(inherited) @executable_path/Frameworks";
				PRODUCT_BUNDLE_IDENTIFIER = com.jsrmobile.nanoclass.PitchPerfect;
				PRODUCT_NAME = "$(TARGET_NAME)";
				SWIFT_VERSION = 3.0;
			};
			name = Debug;
		};
		0221D3461F25B79B00C1A49F /* Release */ = {
			isa = XCBuildConfiguration;
			buildSettings = {
				ASSETCATALOG_COMPILER_APPICON_NAME = AppIcon;
				DEVELOPMENT_TEAM = ZL2KGM8GY7;
				INFOPLIST_FILE = PitchPerfect/Info.plist;
				LD_RUNPATH_SEARCH_PATHS = "$(inherited) @executable_path/Frameworks";
				PRODUCT_BUNDLE_IDENTIFIER = com.jsrmobile.nanoclass.PitchPerfect;
				PRODUCT_NAME = "$(TARGET_NAME)";
				SWIFT_VERSION = 3.0;
			};
			name = Release;
		};
/* End XCBuildConfiguration section */

/* Begin XCConfigurationList section */
		0221D32D1F25B79B00C1A49F /* Build configuration list for PBXProject "PitchPerfect" */ = {
			isa = XCConfigurationList;
			buildConfigurations = (
				0221D3421F25B79B00C1A49F /* Debug */,
				0221D3431F25B79B00C1A49F /* Release */,
			);
			defaultConfigurationIsVisible = 0;
			defaultConfigurationName = Release;
		};
		0221D3441F25B79B00C1A49F /* Build configuration list for PBXNativeTarget "PitchPerfect" */ = {
			isa = XCConfigurationList;
			buildConfigurations = (
				0221D3451F25B79B00C1A49F /* Debug */,
				0221D3461F25B79B00C1A49F /* Release */,
			);
			defaultConfigurationIsVisible = 0;
			defaultConfigurationName = Release;
		};
/* End XCConfigurationList section */
	};
	rootObject = 0221D32A1F25B79B00C1A49F /* Project object */;
}
